PODS:
  - CocoaLumberjack (1.6.5.1):
    - CocoaLumberjack/Core (= 1.6.5.1)
    - CocoaLumberjack/Extensions (= 1.6.5.1)
  - CocoaLumberjack/Core (1.6.5.1)
  - CocoaLumberjack/Extensions (1.6.5.1):
    - CocoaLumberjack/Core
  - SHTestCaseAdditions (1.2.1)

DEPENDENCIES:
  - CocoaLumberjack (~> 1.6)
  - SHTestCaseAdditions (~> 1.2.1)

SPEC CHECKSUMS:
  CocoaLumberjack: 17803afbade3126a377d32b8d23367264b44ced6
  SHTestCaseAdditions: 0db8321846d0240ca90ab497c10b6800e5954f7e

COCOAPODS: 0.35.0
