// !$*UTF8*$!
{
	archiveVersion = 1;
	classes = {
	};
	objectVersion = 46;
	objects = {

/* Begin PBXBuildFile section */
		DE40892B182CCCC700643E77 /* CBCentralManager_BSSafe.m in Sources */ = {isa = PBXBuildFile; fileRef = DE40892A182CCCC700643E77 /* CBCentralManager_BSSafe.m */; };
		DE580DEE17F5995000292810 /* CoreBluetooth.framework in Frameworks */ = {isa = PBXBuildFile; fileRef = DE580DED17F5995000292810 /* CoreBluetooth.framework */; };
		DE580DEF17F5997200292810 /* CoreBluetooth.framework in Frameworks */ = {isa = PBXBuildFile; fileRef = DE580DED17F5995000292810 /* CoreBluetooth.framework */; };
		DE6B73C01808F663007EC396 /* BSBleConstants.m in Sources */ = {isa = PBXBuildFile; fileRef = DE6B73BF1808F663007EC396 /* BSBleConstants.m */; };
		DE6B73C11808F663007EC396 /* BSBleConstants.m in Sources */ = {isa = PBXBuildFile; fileRef = DE6B73BF1808F663007EC396 /* BSBleConstants.m */; };
		DE7671DD182C77DE00E4CD1C /* CBCentralManagerTests.m in Sources */ = {isa = PBXBuildFile; fileRef = DE7671DC182C77DE00E4CD1C /* CBCentralManagerTests.m */; };
		DE90FA9E180950920000DBDA /* BSStubCBCentralManager.m in Sources */ = {isa = PBXBuildFile; fileRef = DE90FA9D180950920000DBDA /* BSStubCBCentralManager.m */; };
		DE956C2918388E5B0054DE1B /* BSDetailViewControllerTests.m in Sources */ = {isa = PBXBuildFile; fileRef = DE956C2818388E5B0054DE1B /* BSDetailViewControllerTests.m */; };
		DEA8D2BF1B35EB92000E5EF1 /* BSBlePeripheral.m in Sources */ = {isa = PBXBuildFile; fileRef = DEA8D2BE1B35EB92000E5EF1 /* BSBlePeripheral.m */; };
		DEBC532317F547A800F2ACFF /* README.md in Resources */ = {isa = PBXBuildFile; fileRef = DEBC532217F547A800F2ACFF /* README.md */; };
		DEBC532517F547BC00F2ACFF /* LICENSE.txt in Resources */ = {isa = PBXBuildFile; fileRef = DEBC532417F547BB00F2ACFF /* LICENSE.txt */; };
		DEC9EE551805C1F7006CF6C5 /* BSMasterViewControllerTests.m in Sources */ = {isa = PBXBuildFile; fileRef = DEC9EE541805C1F7006CF6C5 /* BSMasterViewControllerTests.m */; };
		DEDACD7618093633003CC569 /* libOCMock.a in Frameworks */ = {isa = PBXBuildFile; fileRef = DEDACD7518093633003CC569 /* libOCMock.a */; };
		DEE990C517F543F70041CAB6 /* Foundation.framework in Frameworks */ = {isa = PBXBuildFile; fileRef = DEE990C417F543F70041CAB6 /* Foundation.framework */; };
		DEE990C717F543F70041CAB6 /* CoreGraphics.framework in Frameworks */ = {isa = PBXBuildFile; fileRef = DEE990C617F543F70041CAB6 /* CoreGraphics.framework */; };
		DEE990C917F543F70041CAB6 /* UIKit.framework in Frameworks */ = {isa = PBXBuildFile; fileRef = DEE990C817F543F70041CAB6 /* UIKit.framework */; };
		DEE990CF17F543F70041CAB6 /* InfoPlist.strings in Resources */ = {isa = PBXBuildFile; fileRef = DEE990CD17F543F70041CAB6 /* InfoPlist.strings */; };
		DEE990D117F543F70041CAB6 /* main.m in Sources */ = {isa = PBXBuildFile; fileRef = DEE990D017F543F70041CAB6 /* main.m */; };
		DEE990D517F543F70041CAB6 /* BSAppDelegate.m in Sources */ = {isa = PBXBuildFile; fileRef = DEE990D417F543F70041CAB6 /* BSAppDelegate.m */; };
		DEE990D817F543F70041CAB6 /* Main_iPhone.storyboard in Resources */ = {isa = PBXBuildFile; fileRef = DEE990D617F543F70041CAB6 /* Main_iPhone.storyboard */; };
		DEE990DB17F543F70041CAB6 /* Main_iPad.storyboard in Resources */ = {isa = PBXBuildFile; fileRef = DEE990D917F543F70041CAB6 /* Main_iPad.storyboard */; };
		DEE990DE17F543F70041CAB6 /* BSMasterViewController.m in Sources */ = {isa = PBXBuildFile; fileRef = DEE990DD17F543F70041CAB6 /* BSMasterViewController.m */; };
		DEE990E117F543F70041CAB6 /* BSDetailViewController.m in Sources */ = {isa = PBXBuildFile; fileRef = DEE990E017F543F70041CAB6 /* BSDetailViewController.m */; };
		DEE990E317F543F70041CAB6 /* Images.xcassets in Resources */ = {isa = PBXBuildFile; fileRef = DEE990E217F543F70041CAB6 /* Images.xcassets */; };
		DEE990EB17F543F70041CAB6 /* Foundation.framework in Frameworks */ = {isa = PBXBuildFile; fileRef = DEE990C417F543F70041CAB6 /* Foundation.framework */; };
		DEE990EC17F543F70041CAB6 /* UIKit.framework in Frameworks */ = {isa = PBXBuildFile; fileRef = DEE990C817F543F70041CAB6 /* UIKit.framework */; };
		DEE990F417F543F70041CAB6 /* InfoPlist.strings in Resources */ = {isa = PBXBuildFile; fileRef = DEE990F217F543F70041CAB6 /* InfoPlist.strings */; };
		DEE990F617F543F70041CAB6 /* BSLeDiscoveryTests.m in Sources */ = {isa = PBXBuildFile; fileRef = DEE990F517F543F70041CAB6 /* BSLeDiscoveryTests.m */; };
		DEF56FDA17F9386600A99FF2 /* BSJSONParser.m in Sources */ = {isa = PBXBuildFile; fileRef = DEF56FD917F9386600A99FF2 /* BSJSONParser.m */; };
		DEF56FDB17F9386600A99FF2 /* BSJSONParser.m in Sources */ = {isa = PBXBuildFile; fileRef = DEF56FD917F9386600A99FF2 /* BSJSONParser.m */; };
		DEF56FDD17F93CC500A99FF2 /* BSJSONParserTests.m in Sources */ = {isa = PBXBuildFile; fileRef = DEF56FDC17F93CC500A99FF2 /* BSJSONParserTests.m */; };
		DEF56FDF17F952A800A99FF2 /* stubArray.json in Resources */ = {isa = PBXBuildFile; fileRef = DEF56FDE17F952A800A99FF2 /* stubArray.json */; };
		DEF7469617F92D3F00502764 /* bleDevices.json in Resources */ = {isa = PBXBuildFile; fileRef = DEF7469517F92D3F00502764 /* bleDevices.json */; };
		DEFDC94F17F553700073F990 /* BSLeDiscovery.m in Sources */ = {isa = PBXBuildFile; fileRef = DEFDC94E17F553700073F990 /* BSLeDiscovery.m */; };
		DEFDC95017F553700073F990 /* BSLeDiscovery.m in Sources */ = {isa = PBXBuildFile; fileRef = DEFDC94E17F553700073F990 /* BSLeDiscovery.m */; };
/* End PBXBuildFile section */

/* Begin PBXContainerItemProxy section */
		DEE990ED17F543F70041CAB6 /* PBXContainerItemProxy */ = {
			isa = PBXContainerItemProxy;
			containerPortal = DEE990B917F543F60041CAB6 /* Project object */;
			proxyType = 1;
			remoteGlobalIDString = DEE990C017F543F70041CAB6;
			remoteInfo = BLELister;
		};
/* End PBXContainerItemProxy section */

/* Begin PBXFileReference section */
		C77D51C1FA1A477C99FA184A /* libPods-BLELister.a */ = {isa = PBXFileReference; explicitFileType = archive.ar; includeInIndex = 0; path = "libPods-BLELister.a"; sourceTree = BUILT_PRODUCTS_DIR; };
		DE408929182CCCC700643E77 /* CBCentralManager_BSSafe.h */ = {isa = PBXFileReference; fileEncoding = 4; lastKnownFileType = sourcecode.c.h; name = CBCentralManager_BSSafe.h; path = Bluetooth/CBCentralManager_BSSafe.h; sourceTree = "<group>"; };
		DE40892A182CCCC700643E77 /* CBCentralManager_BSSafe.m */ = {isa = PBXFileReference; fileEncoding = 4; lastKnownFileType = sourcecode.c.objc; name = CBCentralManager_BSSafe.m; path = Bluetooth/CBCentralManager_BSSafe.m; sourceTree = "<group>"; };
		DE580DED17F5995000292810 /* CoreBluetooth.framework */ = {isa = PBXFileReference; lastKnownFileType = wrapper.framework; name = CoreBluetooth.framework; path = System/Library/Frameworks/CoreBluetooth.framework; sourceTree = SDKROOT; };
		DE6B73BE1808F663007EC396 /* BSBleConstants.h */ = {isa = PBXFileReference; fileEncoding = 4; lastKnownFileType = sourcecode.c.h; name = BSBleConstants.h; path = Bluetooth/BSBleConstants.h; sourceTree = "<group>"; };
		DE6B73BF1808F663007EC396 /* BSBleConstants.m */ = {isa = PBXFileReference; fileEncoding = 4; lastKnownFileType = sourcecode.c.objc; name = BSBleConstants.m; path = Bluetooth/BSBleConstants.m; sourceTree = "<group>"; };
		DE7671DC182C77DE00E4CD1C /* CBCentralManagerTests.m */ = {isa = PBXFileReference; fileEncoding = 4; lastKnownFileType = sourcecode.c.objc; lineEnding = 0; path = CBCentralManagerTests.m; sourceTree = "<group>"; xcLanguageSpecificationIdentifier = xcode.lang.objc; };
		DE8DE95A17F66E390097427E /* BSLeDiscovery_Private.h */ = {isa = PBXFileReference; fileEncoding = 4; lastKnownFileType = sourcecode.c.h; name = BSLeDiscovery_Private.h; path = Bluetooth/BSLeDiscovery_Private.h; sourceTree = "<group>"; };
		DE90FA9C180950920000DBDA /* BSStubCBCentralManager.h */ = {isa = PBXFileReference; fileEncoding = 4; lastKnownFileType = sourcecode.c.h; path = BSStubCBCentralManager.h; sourceTree = "<group>"; };
		DE90FA9D180950920000DBDA /* BSStubCBCentralManager.m */ = {isa = PBXFileReference; fileEncoding = 4; lastKnownFileType = sourcecode.c.objc; path = BSStubCBCentralManager.m; sourceTree = "<group>"; };
		DE956C2818388E5B0054DE1B /* BSDetailViewControllerTests.m */ = {isa = PBXFileReference; fileEncoding = 4; lastKnownFileType = sourcecode.c.objc; path = BSDetailViewControllerTests.m; sourceTree = "<group>"; };
		DEA8D2BD1B35EB92000E5EF1 /* BSBlePeripheral.h */ = {isa = PBXFileReference; fileEncoding = 4; lastKnownFileType = sourcecode.c.h; path = BSBlePeripheral.h; sourceTree = "<group>"; };
		DEA8D2BE1B35EB92000E5EF1 /* BSBlePeripheral.m */ = {isa = PBXFileReference; fileEncoding = 4; lastKnownFileType = sourcecode.c.objc; path = BSBlePeripheral.m; sourceTree = "<group>"; };
		DEBC532217F547A800F2ACFF /* README.md */ = {isa = PBXFileReference; fileEncoding = 4; lastKnownFileType = text; path = README.md; sourceTree = "<group>"; };
		DEBC532417F547BB00F2ACFF /* LICENSE.txt */ = {isa = PBXFileReference; fileEncoding = 4; lastKnownFileType = text; path = LICENSE.txt; sourceTree = "<group>"; };
		DEC38EFC18394ECD000DB30F /* BSBleTestConstants.h */ = {isa = PBXFileReference; fileEncoding = 4; lastKnownFileType = sourcecode.c.h; path = BSBleTestConstants.h; sourceTree = "<group>"; };
		DEC48973182B08EC006E72B7 /* BSDetailViewController_Private.h */ = {isa = PBXFileReference; fileEncoding = 4; lastKnownFileType = sourcecode.c.h; name = BSDetailViewController_Private.h; path = Controllers/BSDetailViewController_Private.h; sourceTree = "<group>"; };
		DEC9EE541805C1F7006CF6C5 /* BSMasterViewControllerTests.m */ = {isa = PBXFileReference; fileEncoding = 4; lastKnownFileType = sourcecode.c.objc; lineEnding = 0; name = BSMasterViewControllerTests.m; path = BLEListerTests/BSMasterViewControllerTests.m; sourceTree = SOURCE_ROOT; xcLanguageSpecificationIdentifier = xcode.lang.objc; };
		DEDACD7518093633003CC569 /* libOCMock.a */ = {isa = PBXFileReference; lastKnownFileType = archive.ar; path = libOCMock.a; sourceTree = BUILT_PRODUCTS_DIR; };
		DEE990C117F543F70041CAB6 /* BLELister.app */ = {isa = PBXFileReference; explicitFileType = wrapper.application; includeInIndex = 0; path = BLELister.app; sourceTree = BUILT_PRODUCTS_DIR; };
		DEE990C417F543F70041CAB6 /* Foundation.framework */ = {isa = PBXFileReference; lastKnownFileType = wrapper.framework; name = Foundation.framework; path = System/Library/Frameworks/Foundation.framework; sourceTree = SDKROOT; };
		DEE990C617F543F70041CAB6 /* CoreGraphics.framework */ = {isa = PBXFileReference; lastKnownFileType = wrapper.framework; name = CoreGraphics.framework; path = System/Library/Frameworks/CoreGraphics.framework; sourceTree = SDKROOT; };
		DEE990C817F543F70041CAB6 /* UIKit.framework */ = {isa = PBXFileReference; lastKnownFileType = wrapper.framework; name = UIKit.framework; path = System/Library/Frameworks/UIKit.framework; sourceTree = SDKROOT; };
		DEE990CC17F543F70041CAB6 /* BLELister-Info.plist */ = {isa = PBXFileReference; lastKnownFileType = text.plist.xml; path = "BLELister-Info.plist"; sourceTree = "<group>"; };
		DEE990CE17F543F70041CAB6 /* en */ = {isa = PBXFileReference; lastKnownFileType = text.plist.strings; name = en; path = en.lproj/InfoPlist.strings; sourceTree = "<group>"; };
		DEE990D017F543F70041CAB6 /* main.m */ = {isa = PBXFileReference; lastKnownFileType = sourcecode.c.objc; path = main.m; sourceTree = "<group>"; };
		DEE990D217F543F70041CAB6 /* BLELister-Prefix.pch */ = {isa = PBXFileReference; lastKnownFileType = sourcecode.c.h; path = "BLELister-Prefix.pch"; sourceTree = "<group>"; };
		DEE990D317F543F70041CAB6 /* BSAppDelegate.h */ = {isa = PBXFileReference; lastKnownFileType = sourcecode.c.h; path = BSAppDelegate.h; sourceTree = "<group>"; };
		DEE990D417F543F70041CAB6 /* BSAppDelegate.m */ = {isa = PBXFileReference; lastKnownFileType = sourcecode.c.objc; path = BSAppDelegate.m; sourceTree = "<group>"; };
		DEE990D717F543F70041CAB6 /* Base */ = {isa = PBXFileReference; lastKnownFileType = file.storyboard; name = Base; path = Base.lproj/Main_iPhone.storyboard; sourceTree = "<group>"; };
		DEE990DA17F543F70041CAB6 /* Base */ = {isa = PBXFileReference; lastKnownFileType = file.storyboard; name = Base; path = Base.lproj/Main_iPad.storyboard; sourceTree = "<group>"; };
		DEE990DC17F543F70041CAB6 /* BSMasterViewController.h */ = {isa = PBXFileReference; lastKnownFileType = sourcecode.c.h; name = BSMasterViewController.h; path = Controllers/BSMasterViewController.h; sourceTree = "<group>"; };
		DEE990DD17F543F70041CAB6 /* BSMasterViewController.m */ = {isa = PBXFileReference; lastKnownFileType = sourcecode.c.objc; lineEnding = 0; name = BSMasterViewController.m; path = Controllers/BSMasterViewController.m; sourceTree = "<group>"; xcLanguageSpecificationIdentifier = xcode.lang.objc; };
		DEE990DF17F543F70041CAB6 /* BSDetailViewController.h */ = {isa = PBXFileReference; lastKnownFileType = sourcecode.c.h; name = BSDetailViewController.h; path = Controllers/BSDetailViewController.h; sourceTree = "<group>"; };
		DEE990E017F543F70041CAB6 /* BSDetailViewController.m */ = {isa = PBXFileReference; lastKnownFileType = sourcecode.c.objc; lineEnding = 0; name = BSDetailViewController.m; path = Controllers/BSDetailViewController.m; sourceTree = "<group>"; xcLanguageSpecificationIdentifier = xcode.lang.objc; };
		DEE990E217F543F70041CAB6 /* Images.xcassets */ = {isa = PBXFileReference; lastKnownFileType = folder.assetcatalog; path = Images.xcassets; sourceTree = "<group>"; };
		DEE990E817F543F70041CAB6 /* BLEListerTests.xctest */ = {isa = PBXFileReference; explicitFileType = wrapper.cfbundle; includeInIndex = 0; path = BLEListerTests.xctest; sourceTree = BUILT_PRODUCTS_DIR; };
		DEE990F117F543F70041CAB6 /* BLEListerTests-Info.plist */ = {isa = PBXFileReference; lastKnownFileType = text.plist.xml; path = "BLEListerTests-Info.plist"; sourceTree = "<group>"; };
		DEE990F317F543F70041CAB6 /* en */ = {isa = PBXFileReference; lastKnownFileType = text.plist.strings; name = en; path = en.lproj/InfoPlist.strings; sourceTree = "<group>"; };
		DEE990F517F543F70041CAB6 /* BSLeDiscoveryTests.m */ = {isa = PBXFileReference; lastKnownFileType = sourcecode.c.objc; lineEnding = 0; path = BSLeDiscoveryTests.m; sourceTree = "<group>"; xcLanguageSpecificationIdentifier = xcode.lang.objc; };
		DEF56FD817F9386600A99FF2 /* BSJSONParser.h */ = {isa = PBXFileReference; fileEncoding = 4; lastKnownFileType = sourcecode.c.h; path = BSJSONParser.h; sourceTree = "<group>"; };
		DEF56FD917F9386600A99FF2 /* BSJSONParser.m */ = {isa = PBXFileReference; fileEncoding = 4; lastKnownFileType = sourcecode.c.objc; path = BSJSONParser.m; sourceTree = "<group>"; };
		DEF56FDC17F93CC500A99FF2 /* BSJSONParserTests.m */ = {isa = PBXFileReference; fileEncoding = 4; lastKnownFileType = sourcecode.c.objc; lineEnding = 0; path = BSJSONParserTests.m; sourceTree = "<group>"; xcLanguageSpecificationIdentifier = xcode.lang.objc; };
		DEF56FDE17F952A800A99FF2 /* stubArray.json */ = {isa = PBXFileReference; fileEncoding = 4; lastKnownFileType = text.json; path = stubArray.json; sourceTree = "<group>"; };
		DEF676D018090DB900864ECC /* BSMasterViewController_Private.h */ = {isa = PBXFileReference; fileEncoding = 4; lastKnownFileType = sourcecode.c.h; name = BSMasterViewController_Private.h; path = Controllers/BSMasterViewController_Private.h; sourceTree = "<group>"; };
		DEF7469517F92D3F00502764 /* bleDevices.json */ = {isa = PBXFileReference; fileEncoding = 4; lastKnownFileType = text.json; path = bleDevices.json; sourceTree = "<group>"; };
		DEFDC94D17F5535D0073F990 /* BSLeDiscovery.h */ = {isa = PBXFileReference; fileEncoding = 4; lastKnownFileType = sourcecode.c.h; lineEnding = 0; name = BSLeDiscovery.h; path = Bluetooth/BSLeDiscovery.h; sourceTree = "<group>"; xcLanguageSpecificationIdentifier = xcode.lang.objcpp; };
		DEFDC94E17F553700073F990 /* BSLeDiscovery.m */ = {isa = PBXFileReference; fileEncoding = 4; lastKnownFileType = sourcecode.c.objc; lineEnding = 0; name = BSLeDiscovery.m; path = Bluetooth/BSLeDiscovery.m; sourceTree = "<group>"; xcLanguageSpecificationIdentifier = xcode.lang.objc; };
		F397F7B7489349B99960CC9F /* libPods-BLEListerTests.a */ = {isa = PBXFileReference; explicitFileType = archive.ar; includeInIndex = 0; path = "libPods-BLEListerTests.a"; sourceTree = BUILT_PRODUCTS_DIR; };
/* End PBXFileReference section */

/* Begin PBXFrameworksBuildPhase section */
		DEE990BE17F543F70041CAB6 /* Frameworks */ = {
			isa = PBXFrameworksBuildPhase;
			buildActionMask = 2147483647;
			files = (
				DE580DEE17F5995000292810 /* CoreBluetooth.framework in Frameworks */,
				DEE990C717F543F70041CAB6 /* CoreGraphics.framework in Frameworks */,
				DEE990C917F543F70041CAB6 /* UIKit.framework in Frameworks */,
				DEE990C517F543F70041CAB6 /* Foundation.framework in Frameworks */,
			);
			runOnlyForDeploymentPostprocessing = 0;
		};
		DEE990E517F543F70041CAB6 /* Frameworks */ = {
			isa = PBXFrameworksBuildPhase;
			buildActionMask = 2147483647;
			files = (
				DEDACD7618093633003CC569 /* libOCMock.a in Frameworks */,
				DEE990EC17F543F70041CAB6 /* UIKit.framework in Frameworks */,
				DE580DEF17F5997200292810 /* CoreBluetooth.framework in Frameworks */,
				DEE990EB17F543F70041CAB6 /* Foundation.framework in Frameworks */,
			);
			runOnlyForDeploymentPostprocessing = 0;
		};
/* End PBXFrameworksBuildPhase section */

/* Begin PBXGroup section */
		DE4E2A74180870A7005DA864 /* Controllers */ = {
			isa = PBXGroup;
			children = (
				DEE990DF17F543F70041CAB6 /* BSDetailViewController.h */,
				DEC48973182B08EC006E72B7 /* BSDetailViewController_Private.h */,
				DEE990E017F543F70041CAB6 /* BSDetailViewController.m */,
				DEE990DC17F543F70041CAB6 /* BSMasterViewController.h */,
				DEF676D018090DB900864ECC /* BSMasterViewController_Private.h */,
				DEE990DD17F543F70041CAB6 /* BSMasterViewController.m */,
			);
			name = Controllers;
			sourceTree = "<group>";
		};
		DE63F24E180873D900E4ACD8 /* Bluetooth */ = {
			isa = PBXGroup;
			children = (
				DE6B73BE1808F663007EC396 /* BSBleConstants.h */,
				DE6B73BF1808F663007EC396 /* BSBleConstants.m */,
				DEFDC94D17F5535D0073F990 /* BSLeDiscovery.h */,
				DE8DE95A17F66E390097427E /* BSLeDiscovery_Private.h */,
				DEFDC94E17F553700073F990 /* BSLeDiscovery.m */,
				DE408929182CCCC700643E77 /* CBCentralManager_BSSafe.h */,
				DE40892A182CCCC700643E77 /* CBCentralManager_BSSafe.m */,
			);
			name = Bluetooth;
			sourceTree = "<group>";
		};
		DEA8D2BC1B35EB1A000E5EF1 /* Model */ = {
			isa = PBXGroup;
			children = (
				DEA8D2BD1B35EB92000E5EF1 /* BSBlePeripheral.h */,
				DEA8D2BE1B35EB92000E5EF1 /* BSBlePeripheral.m */,
			);
			path = Model;
			sourceTree = "<group>";
		};
		DEE990B817F543F60041CAB6 = {
			isa = PBXGroup;
			children = (
				DEBC532217F547A800F2ACFF /* README.md */,
				DEBC532417F547BB00F2ACFF /* LICENSE.txt */,
				DEE990CA17F543F70041CAB6 /* BLELister */,
				DEE990EF17F543F70041CAB6 /* BLEListerTests */,
				DEE990C317F543F70041CAB6 /* Frameworks */,
				DEE990C217F543F70041CAB6 /* Products */,
			);
			sourceTree = "<group>";
		};
		DEE990C217F543F70041CAB6 /* Products */ = {
			isa = PBXGroup;
			children = (
				DEE990C117F543F70041CAB6 /* BLELister.app */,
				DEE990E817F543F70041CAB6 /* BLEListerTests.xctest */,
			);
			name = Products;
			sourceTree = "<group>";
		};
		DEE990C317F543F70041CAB6 /* Frameworks */ = {
			isa = PBXGroup;
			children = (
				DEDACD7518093633003CC569 /* libOCMock.a */,
				DE580DED17F5995000292810 /* CoreBluetooth.framework */,
				DEE990C417F543F70041CAB6 /* Foundation.framework */,
				DEE990C617F543F70041CAB6 /* CoreGraphics.framework */,
				DEE990C817F543F70041CAB6 /* UIKit.framework */,
				F397F7B7489349B99960CC9F /* libPods-BLEListerTests.a */,
				C77D51C1FA1A477C99FA184A /* libPods-BLELister.a */,
			);
			name = Frameworks;
			sourceTree = "<group>";
		};
		DEE990CA17F543F70041CAB6 /* BLELister */ = {
			isa = PBXGroup;
			children = (
				DEA8D2BC1B35EB1A000E5EF1 /* Model */,
				DE63F24E180873D900E4ACD8 /* Bluetooth */,
				DE4E2A74180870A7005DA864 /* Controllers */,
				DEE990D317F543F70041CAB6 /* BSAppDelegate.h */,
				DEE990D417F543F70041CAB6 /* BSAppDelegate.m */,
				DEE990D617F543F70041CAB6 /* Main_iPhone.storyboard */,
				DEE990D917F543F70041CAB6 /* Main_iPad.storyboard */,
				DEF56FD817F9386600A99FF2 /* BSJSONParser.h */,
				DEF56FD917F9386600A99FF2 /* BSJSONParser.m */,
				DEE990E217F543F70041CAB6 /* Images.xcassets */,
				DEE990CB17F543F70041CAB6 /* Supporting Files */,
			);
			path = BLELister;
			sourceTree = "<group>";
		};
		DEE990CB17F543F70041CAB6 /* Supporting Files */ = {
			isa = PBXGroup;
			children = (
				DEE990CC17F543F70041CAB6 /* BLELister-Info.plist */,
				DEE990CD17F543F70041CAB6 /* InfoPlist.strings */,
				DEE990D017F543F70041CAB6 /* main.m */,
				DEE990D217F543F70041CAB6 /* BLELister-Prefix.pch */,
			);
			name = "Supporting Files";
			sourceTree = "<group>";
		};
		DEE990EF17F543F70041CAB6 /* BLEListerTests */ = {
			isa = PBXGroup;
			children = (
				DEE990F017F543F70041CAB6 /* Supporting Files */,
				DEF7469417F92D3F00502764 /* TestResources */,
				DEC38EFC18394ECD000DB30F /* BSBleTestConstants.h */,
				DE956C2818388E5B0054DE1B /* BSDetailViewControllerTests.m */,
				DEF56FDC17F93CC500A99FF2 /* BSJSONParserTests.m */,
				DEE990F517F543F70041CAB6 /* BSLeDiscoveryTests.m */,
				DEC9EE541805C1F7006CF6C5 /* BSMasterViewControllerTests.m */,
				DE90FA9C180950920000DBDA /* BSStubCBCentralManager.h */,
				DE90FA9D180950920000DBDA /* BSStubCBCentralManager.m */,
				DE7671DC182C77DE00E4CD1C /* CBCentralManagerTests.m */,
			);
			path = BLEListerTests;
			sourceTree = "<group>";
		};
		DEE990F017F543F70041CAB6 /* Supporting Files */ = {
			isa = PBXGroup;
			children = (
				DEE990F117F543F70041CAB6 /* BLEListerTests-Info.plist */,
				DEE990F217F543F70041CAB6 /* InfoPlist.strings */,
			);
			name = "Supporting Files";
			sourceTree = "<group>";
		};
		DEF7469417F92D3F00502764 /* TestResources */ = {
			isa = PBXGroup;
			children = (
				DEF7469517F92D3F00502764 /* bleDevices.json */,
				DEF56FDE17F952A800A99FF2 /* stubArray.json */,
			);
			path = TestResources;
			sourceTree = "<group>";
		};
/* End PBXGroup section */

/* Begin PBXNativeTarget section */
		DEE990C017F543F70041CAB6 /* BLELister */ = {
			isa = PBXNativeTarget;
			buildConfigurationList = DEE990F917F543F70041CAB6 /* Build configuration list for PBXNativeTarget "BLELister" */;
			buildPhases = (
				DEE990BD17F543F70041CAB6 /* Sources */,
				DEE990BE17F543F70041CAB6 /* Frameworks */,
				DEE990BF17F543F70041CAB6 /* Resources */,
			);
			buildRules = (
			);
			dependencies = (
			);
			name = BLELister;
			productName = BLELister;
			productReference = DEE990C117F543F70041CAB6 /* BLELister.app */;
			productType = "com.apple.product-type.application";
		};
		DEE990E717F543F70041CAB6 /* BLEListerTests */ = {
			isa = PBXNativeTarget;
			buildConfigurationList = DEE990FC17F543F70041CAB6 /* Build configuration list for PBXNativeTarget "BLEListerTests" */;
			buildPhases = (
				DEE990E417F543F70041CAB6 /* Sources */,
				DEE990E517F543F70041CAB6 /* Frameworks */,
				DEE990E617F543F70041CAB6 /* Resources */,
			);
			buildRules = (
			);
			dependencies = (
				DEE990EE17F543F70041CAB6 /* PBXTargetDependency */,
			);
			name = BLEListerTests;
			productName = BLEListerTests;
			productReference = DEE990E817F543F70041CAB6 /* BLEListerTests.xctest */;
			productType = "com.apple.product-type.bundle.unit-test";
		};
/* End PBXNativeTarget section */

/* Begin PBXProject section */
		DEE990B917F543F60041CAB6 /* Project object */ = {
			isa = PBXProject;
			attributes = {
				CLASSPREFIX = BS;
				LastUpgradeCheck = 0830;
				ORGANIZATIONNAME = "Beepscore LLC";
				TargetAttributes = {
					DEE990C017F543F70041CAB6 = {
						DevelopmentTeam = J2LXK9FK3W;
					};
					DEE990E717F543F70041CAB6 = {
						TestTargetID = DEE990C017F543F70041CAB6;
					};
				};
			};
			buildConfigurationList = DEE990BC17F543F60041CAB6 /* Build configuration list for PBXProject "BLELister" */;
			compatibilityVersion = "Xcode 3.2";
			developmentRegion = English;
			hasScannedForEncodings = 0;
			knownRegions = (
				en,
				Base,
			);
			mainGroup = DEE990B817F543F60041CAB6;
			productRefGroup = DEE990C217F543F70041CAB6 /* Products */;
			projectDirPath = "";
			projectRoot = "";
			targets = (
				DEE990C017F543F70041CAB6 /* BLELister */,
				DEE990E717F543F70041CAB6 /* BLEListerTests */,
			);
		};
/* End PBXProject section */

/* Begin PBXResourcesBuildPhase section */
		DEE990BF17F543F70041CAB6 /* Resources */ = {
			isa = PBXResourcesBuildPhase;
			buildActionMask = 2147483647;
			files = (
				DEBC532517F547BC00F2ACFF /* LICENSE.txt in Resources */,
				DEE990DB17F543F70041CAB6 /* Main_iPad.storyboard in Resources */,
				DEE990E317F543F70041CAB6 /* Images.xcassets in Resources */,
				DEBC532317F547A800F2ACFF /* README.md in Resources */,
				DEE990D817F543F70041CAB6 /* Main_iPhone.storyboard in Resources */,
				DEE990CF17F543F70041CAB6 /* InfoPlist.strings in Resources */,
			);
			runOnlyForDeploymentPostprocessing = 0;
		};
		DEE990E617F543F70041CAB6 /* Resources */ = {
			isa = PBXResourcesBuildPhase;
			buildActionMask = 2147483647;
			files = (
				DEE990F417F543F70041CAB6 /* InfoPlist.strings in Resources */,
				DEF7469617F92D3F00502764 /* bleDevices.json in Resources */,
				DEF56FDF17F952A800A99FF2 /* stubArray.json in Resources */,
			);
			runOnlyForDeploymentPostprocessing = 0;
		};
/* End PBXResourcesBuildPhase section */

/* Begin PBXSourcesBuildPhase section */
		DEE990BD17F543F70041CAB6 /* Sources */ = {
			isa = PBXSourcesBuildPhase;
			buildActionMask = 2147483647;
			files = (
				DEE990DE17F543F70041CAB6 /* BSMasterViewController.m in Sources */,
				DEFDC94F17F553700073F990 /* BSLeDiscovery.m in Sources */,
				DEE990D117F543F70041CAB6 /* main.m in Sources */,
				DEA8D2BF1B35EB92000E5EF1 /* BSBlePeripheral.m in Sources */,
				DEF56FDA17F9386600A99FF2 /* BSJSONParser.m in Sources */,
				DE40892B182CCCC700643E77 /* CBCentralManager_BSSafe.m in Sources */,
				DE6B73C01808F663007EC396 /* BSBleConstants.m in Sources */,
				DEE990E117F543F70041CAB6 /* BSDetailViewController.m in Sources */,
				DEE990D517F543F70041CAB6 /* BSAppDelegate.m in Sources */,
			);
			runOnlyForDeploymentPostprocessing = 0;
		};
		DEE990E417F543F70041CAB6 /* Sources */ = {
			isa = PBXSourcesBuildPhase;
			buildActionMask = 2147483647;
			files = (
				DEF56FDB17F9386600A99FF2 /* BSJSONParser.m in Sources */,
				DE90FA9E180950920000DBDA /* BSStubCBCentralManager.m in Sources */,
				DEF56FDD17F93CC500A99FF2 /* BSJSONParserTests.m in Sources */,
				DE956C2918388E5B0054DE1B /* BSDetailViewControllerTests.m in Sources */,
				DEFDC95017F553700073F990 /* BSLeDiscovery.m in Sources */,
				DEC9EE551805C1F7006CF6C5 /* BSMasterViewControllerTests.m in Sources */,
				DE6B73C11808F663007EC396 /* BSBleConstants.m in Sources */,
				DE7671DD182C77DE00E4CD1C /* CBCentralManagerTests.m in Sources */,
				DEE990F617F543F70041CAB6 /* BSLeDiscoveryTests.m in Sources */,
			);
			runOnlyForDeploymentPostprocessing = 0;
		};
/* End PBXSourcesBuildPhase section */

/* Begin PBXTargetDependency section */
		DEE990EE17F543F70041CAB6 /* PBXTargetDependency */ = {
			isa = PBXTargetDependency;
			target = DEE990C017F543F70041CAB6 /* BLELister */;
			targetProxy = DEE990ED17F543F70041CAB6 /* PBXContainerItemProxy */;
		};
/* End PBXTargetDependency section */

/* Begin PBXVariantGroup section */
		DEE990CD17F543F70041CAB6 /* InfoPlist.strings */ = {
			isa = PBXVariantGroup;
			children = (
				DEE990CE17F543F70041CAB6 /* en */,
			);
			name = InfoPlist.strings;
			sourceTree = "<group>";
		};
		DEE990D617F543F70041CAB6 /* Main_iPhone.storyboard */ = {
			isa = PBXVariantGroup;
			children = (
				DEE990D717F543F70041CAB6 /* Base */,
			);
			name = Main_iPhone.storyboard;
			sourceTree = "<group>";
		};
		DEE990D917F543F70041CAB6 /* Main_iPad.storyboard */ = {
			isa = PBXVariantGroup;
			children = (
				DEE990DA17F543F70041CAB6 /* Base */,
			);
			name = Main_iPad.storyboard;
			sourceTree = "<group>";
		};
		DEE990F217F543F70041CAB6 /* InfoPlist.strings */ = {
			isa = PBXVariantGroup;
			children = (
				DEE990F317F543F70041CAB6 /* en */,
			);
			name = InfoPlist.strings;
			sourceTree = "<group>";
		};
/* End PBXVariantGroup section */

/* Begin XCBuildConfiguration section */
		DEE990F717F543F70041CAB6 /* Debug */ = {
			isa = XCBuildConfiguration;
			buildSettings = {
				ALWAYS_SEARCH_USER_PATHS = NO;
				CLANG_CXX_LANGUAGE_STANDARD = "gnu++0x";
				CLANG_CXX_LIBRARY = "libc++";
				CLANG_ENABLE_MODULES = YES;
				CLANG_ENABLE_OBJC_ARC = YES;
				CLANG_WARN_BOOL_CONVERSION = YES;
				CLANG_WARN_CONSTANT_CONVERSION = YES;
				CLANG_WARN_DIRECT_OBJC_ISA_USAGE = YES_ERROR;
				CLANG_WARN_EMPTY_BODY = YES;
				CLANG_WARN_ENUM_CONVERSION = YES;
				CLANG_WARN_INFINITE_RECURSION = YES;
				CLANG_WARN_INT_CONVERSION = YES;
				CLANG_WARN_OBJC_ROOT_CLASS = YES_ERROR;
				CLANG_WARN_SUSPICIOUS_MOVE = YES;
				CLANG_WARN_UNREACHABLE_CODE = YES;
				CLANG_WARN__DUPLICATE_METHOD_MATCH = YES;
				CODE_SIGN_IDENTITY = "";
				"CODE_SIGN_IDENTITY[sdk=iphoneos*]" = "iPhone Developer";
				COPY_PHASE_STRIP = NO;
				ENABLE_STRICT_OBJC_MSGSEND = YES;
				ENABLE_TESTABILITY = YES;
				GCC_C_LANGUAGE_STANDARD = gnu99;
				GCC_DYNAMIC_NO_PIC = NO;
				GCC_NO_COMMON_BLOCKS = YES;
				GCC_OPTIMIZATION_LEVEL = 0;
				GCC_PREPROCESSOR_DEFINITIONS = (
					"DEBUG=1",
					"$(inherited)",
				);
				GCC_SYMBOLS_PRIVATE_EXTERN = NO;
				GCC_WARN_64_TO_32_BIT_CONVERSION = YES;
				GCC_WARN_ABOUT_RETURN_TYPE = YES_ERROR;
				GCC_WARN_UNDECLARED_SELECTOR = YES;
				GCC_WARN_UNINITIALIZED_AUTOS = YES;
				GCC_WARN_UNUSED_FUNCTION = YES;
				GCC_WARN_UNUSED_VARIABLE = YES;
				IPHONEOS_DEPLOYMENT_TARGET = 10.3;
				ONLY_ACTIVE_ARCH = YES;
				SDKROOT = iphoneos;
				TARGETED_DEVICE_FAMILY = "1,2";
			};
			name = Debug;
		};
		DEE990F817F543F70041CAB6 /* Release */ = {
			isa = XCBuildConfiguration;
			buildSettings = {
				ALWAYS_SEARCH_USER_PATHS = NO;
				CLANG_CXX_LANGUAGE_STANDARD = "gnu++0x";
				CLANG_CXX_LIBRARY = "libc++";
				CLANG_ENABLE_MODULES = YES;
				CLANG_ENABLE_OBJC_ARC = YES;
				CLANG_WARN_BOOL_CONVERSION = YES;
				CLANG_WARN_CONSTANT_CONVERSION = YES;
				CLANG_WARN_DIRECT_OBJC_ISA_USAGE = YES_ERROR;
				CLANG_WARN_EMPTY_BODY = YES;
				CLANG_WARN_ENUM_CONVERSION = YES;
				CLANG_WARN_INFINITE_RECURSION = YES;
				CLANG_WARN_INT_CONVERSION = YES;
				CLANG_WARN_OBJC_ROOT_CLASS = YES_ERROR;
				CLANG_WARN_SUSPICIOUS_MOVE = YES;
				CLANG_WARN_UNREACHABLE_CODE = YES;
				CLANG_WARN__DUPLICATE_METHOD_MATCH = YES;
				CODE_SIGN_IDENTITY = "";
				"CODE_SIGN_IDENTITY[sdk=iphoneos*]" = "iPhone Developer";
				COPY_PHASE_STRIP = YES;
				ENABLE_NS_ASSERTIONS = NO;
				ENABLE_STRICT_OBJC_MSGSEND = YES;
				GCC_C_LANGUAGE_STANDARD = gnu99;
				GCC_NO_COMMON_BLOCKS = YES;
				GCC_WARN_64_TO_32_BIT_CONVERSION = YES;
				GCC_WARN_ABOUT_RETURN_TYPE = YES_ERROR;
				GCC_WARN_UNDECLARED_SELECTOR = YES;
				GCC_WARN_UNINITIALIZED_AUTOS = YES;
				GCC_WARN_UNUSED_FUNCTION = YES;
				GCC_WARN_UNUSED_VARIABLE = YES;
				IPHONEOS_DEPLOYMENT_TARGET = 10.3;
				SDKROOT = iphoneos;
				TARGETED_DEVICE_FAMILY = "1,2";
				VALIDATE_PRODUCT = YES;
			};
			name = Release;
		};
		DEE990FA17F543F70041CAB6 /* Debug */ = {
			isa = XCBuildConfiguration;
			buildSettings = {
				ASSETCATALOG_COMPILER_APPICON_NAME = AppIcon;
				ASSETCATALOG_COMPILER_LAUNCHIMAGE_NAME = LaunchImage;
				CLANG_ENABLE_OBJC_ARC = YES;
				DEVELOPMENT_TEAM = J2LXK9FK3W;
				GCC_PRECOMPILE_PREFIX_HEADER = YES;
				GCC_PREFIX_HEADER = "BLELister/BLELister-Prefix.pch";
				HEADER_SEARCH_PATHS = "$(inherited)";
				INFOPLIST_FILE = "BLELister/BLELister-Info.plist";
				PRODUCT_BUNDLE_IDENTIFIER = "com.beepscore.${PRODUCT_NAME:rfc1034identifier}";
				PRODUCT_NAME = "$(TARGET_NAME)";
				WRAPPER_EXTENSION = app;
			};
			name = Debug;
		};
		DEE990FB17F543F70041CAB6 /* Release */ = {
			isa = XCBuildConfiguration;
			buildSettings = {
				ASSETCATALOG_COMPILER_APPICON_NAME = AppIcon;
				ASSETCATALOG_COMPILER_LAUNCHIMAGE_NAME = LaunchImage;
				CLANG_ENABLE_OBJC_ARC = YES;
				DEVELOPMENT_TEAM = J2LXK9FK3W;
				GCC_PRECOMPILE_PREFIX_HEADER = YES;
				GCC_PREFIX_HEADER = "BLELister/BLELister-Prefix.pch";
				HEADER_SEARCH_PATHS = "$(inherited)";
				INFOPLIST_FILE = "BLELister/BLELister-Info.plist";
				PRODUCT_BUNDLE_IDENTIFIER = "com.beepscore.${PRODUCT_NAME:rfc1034identifier}";
				PRODUCT_NAME = "$(TARGET_NAME)";
				WRAPPER_EXTENSION = app;
			};
			name = Release;
		};
		DEE990FD17F543F70041CAB6 /* Debug */ = {
			isa = XCBuildConfiguration;
			buildSettings = {
				BUNDLE_LOADER = "$(BUILT_PRODUCTS_DIR)/BLELister.app/BLELister";
				CLANG_ENABLE_OBJC_ARC = YES;
				FRAMEWORK_SEARCH_PATHS = "";
				GCC_PRECOMPILE_PREFIX_HEADER = YES;
				GCC_PREFIX_HEADER = "BLELister/BLELister-Prefix.pch";
				GCC_PREPROCESSOR_DEFINITIONS = "$(inherited)";
				HEADER_SEARCH_PATHS = (
					"$(SRCROOT)/ocmock/Source/**",
					"${inherited)",
				);
				INFOPLIST_FILE = "BLEListerTests/BLEListerTests-Info.plist";
				OTHER_LDFLAGS = (
					"$(inherited)",
					"-force_load",
					"\"$(BUILT_PRODUCTS_DIR)/libOCMock.a\"",
					"-ObjC",
				);
				PRODUCT_BUNDLE_IDENTIFIER = "com.beepscore.${PRODUCT_NAME:rfc1034identifier}";
				PRODUCT_NAME = "$(TARGET_NAME)";
				TEST_HOST = "$(BUNDLE_LOADER)";
				WRAPPER_EXTENSION = xctest;
			};
			name = Debug;
		};
		DEE990FE17F543F70041CAB6 /* Release */ = {
			isa = XCBuildConfiguration;
			buildSettings = {
				BUNDLE_LOADER = "$(BUILT_PRODUCTS_DIR)/BLELister.app/BLELister";
				CLANG_ENABLE_OBJC_ARC = YES;
				FRAMEWORK_SEARCH_PATHS = "";
				GCC_PRECOMPILE_PREFIX_HEADER = YES;
				GCC_PREFIX_HEADER = "BLELister/BLELister-Prefix.pch";
				HEADER_SEARCH_PATHS = (
					"$(SRCROOT)/ocmock/Source/**",
					"${inherited)",
				);
				INFOPLIST_FILE = "BLEListerTests/BLEListerTests-Info.plist";
				OTHER_LDFLAGS = (
					"$(inherited)",
					"-force_load",
					"\"$(BUILT_PRODUCTS_DIR)/libOCMock.a\"",
					"-ObjC",
				);
				PRODUCT_BUNDLE_IDENTIFIER = "com.beepscore.${PRODUCT_NAME:rfc1034identifier}";
				PRODUCT_NAME = "$(TARGET_NAME)";
				TEST_HOST = "$(BUNDLE_LOADER)";
				WRAPPER_EXTENSION = xctest;
			};
			name = Release;
		};
/* End XCBuildConfiguration section */

/* Begin XCConfigurationList section */
		DEE990BC17F543F60041CAB6 /* Build configuration list for PBXProject "BLELister" */ = {
			isa = XCConfigurationList;
			buildConfigurations = (
				DEE990F717F543F70041CAB6 /* Debug */,
				DEE990F817F543F70041CAB6 /* Release */,
			);
			defaultConfigurationIsVisible = 0;
			defaultConfigurationName = Release;
		};
		DEE990F917F543F70041CAB6 /* Build configuration list for PBXNativeTarget "BLELister" */ = {
			isa = XCConfigurationList;
			buildConfigurations = (
				DEE990FA17F543F70041CAB6 /* Debug */,
				DEE990FB17F543F70041CAB6 /* Release */,
			);
			defaultConfigurationIsVisible = 0;
			defaultConfigurationName = Release;
		};
		DEE990FC17F543F70041CAB6 /* Build configuration list for PBXNativeTarget "BLEListerTests" */ = {
			isa = XCConfigurationList;
			buildConfigurations = (
				DEE990FD17F543F70041CAB6 /* Debug */,
				DEE990FE17F543F70041CAB6 /* Release */,
			);
			defaultConfigurationIsVisible = 0;
			defaultConfigurationName = Release;
		};
/* End XCConfigurationList section */
	};
	rootObject = DEE990B917F543F60041CAB6 /* Project object */;
}
